# This file is generated by running "yarn install" inside your project.
# Manual changes might be lost - proceed with caution!

__metadata:
  version: 4

"chip8@workspace:.":
  version: 0.0.0-use.local
  resolution: "chip8@workspace:."
  dependencies:
    preact: ^10.3.3
    typescript: ^3.8.3
  languageName: unknown
  linkType: soft

"preact@npm:^10.3.3":
  version: 10.3.3
  resolution: "preact@npm:10.3.3"
  checksum: 2/57600e0a23eb0a9692ddace7a796b65915eaabe0249f140e66ea6e1b078a4762e77ebf10c194f7bf38ca0a22336b188f6c7af6270edb8725891f316d93cd0ab5
  languageName: node
  linkType: hard

"typescript@npm:^3.8.3":
  version: 3.8.3
  resolution: "typescript@npm:3.8.3"
  bin:
    tsc: bin/tsc
    tsserver: bin/tsserver
  checksum: 2/519b11576247fe3570d89a2aa757d8f666aafc0cb9465a6cdd4df09c1dc6bf7285f0c6008d2ac7a55ea26457e767aaab819f58439d80af2cce1d9805b2be1034
  languageName: node
  linkType: hard
